
Microsoft Visual Studio Solution File, Format Version 12.00
# Visual Studio Version 17
VisualStudioVersion = 17.9.34728.123
MinimumVisualStudioVersion = 10.0.40219.1
Project("{9A19103F-16F7-4668-BE54-9A1E7A4F7556}") = "CMSSearchPortalApi", "CMSSearchPortalApi\CMSSearchPortalApi.csproj", "{DF590240-210D-4DD7-873B-922753A5831C}"
EndProject
Global
	GlobalSection(SolutionConfigurationPlatforms) = preSolution
		Debug|Any CPU = Debug|Any CPU
		Release|Any CPU = Release|Any CPU
	EndGlobalSection
	GlobalSection(ProjectConfigurationPlatforms) = postSolution
		{DF590240-210D-4DD7-873B-922753A5831C}.Debug|Any CPU.ActiveCfg = Debug|Any CPU
		{DF590240-210D-4DD7-873B-922753A5831C}.Debug|Any CPU.Build.0 = Debug|Any CPU
		{DF590240-210D-4DD7-873B-922753A5831C}.Release|Any CPU.ActiveCfg = Release|Any CPU
		{DF590240-210D-4DD7-873B-922753A5831C}.Release|Any CPU.Build.0 = Release|Any CPU
	EndGlobalSection
	GlobalSection(SolutionProperties) = preSolution
		HideSolutionNode = FALSE
	EndGlobalSection
	GlobalSection(ExtensibilityGlobals) = postSolution
		SolutionGuid = {7D465293-D960-4601-956D-B41875E71C8D}
	EndGlobalSection
EndGlobal
